
Microsoft Visual Studio Solution File, Format Version 12.00
# Visual Studio Version 17
VisualStudioVersion = 17.2.32616.157
MinimumVisualStudioVersion = 10.0.40219.1
Project("{FAE04EC0-301F-11D3-BF4B-00C04F79EFBC}") = "TemplatesReporter.Mail.Core", "TemplatesReporter.Mail.Core\TemplatesReporter.Mail.Core.csproj", "{79A4DE3C-2056-4385-B4EC-E77974CC5C30}"
EndProject
Project("{FAE04EC0-301F-11D3-BF4B-00C04F79EFBC}") = "TemplatesReporter.Mail.MailKit", "TemplatesReporter.Mail.MailKit\TemplatesReporter.Mail.MailKit.csproj", "{453BE837-2459-4C3E-BA52-FB13CE209015}"
EndProject
Project("{FAE04EC0-301F-11D3-BF4B-00C04F79EFBC}") = "TemplatesReporter.Mail.RazorEngineCore", "TemplatesReporter.Mail.RazorEngineCore\TemplatesReporter.Mail.RazorEngineCore.csproj", "{ECCCBEEB-2E8D-4954-A978-CE3FDEDA1531}"
EndProject
Project("{FAE04EC0-301F-11D3-BF4B-00C04F79EFBC}") = "TemplatesReporter.AuthenticationRules", "TemplatesReporter.AuthenticationRules\TemplatesReporter.AuthenticationRules.csproj", "{8860F6B9-A425-4ED5-941B-B11008F220B8}"
EndProject
Project("{2150E333-8FDC-42A3-9474-1A3956D46DE8}") = "Authentication", "Authentication", "{D8D52FC8-5AA5-4119-9452-D53C0D93ACCD}"
EndProject
Project("{FAE04EC0-301F-11D3-BF4B-00C04F79EFBC}") = "TemplatesReporter.Authentication.Data", "TemplatesReporter.Authentication.Data\TemplatesReporter.Authentication.Data.csproj", "{50D6801A-7414-40C8-8C6D-0FF1A762362D}"
EndProject
Project("{FAE04EC0-301F-11D3-BF4B-00C04F79EFBC}") = "TemplatesReporter.IdentityServer", "TemplatesReporter.IdentityServer\TemplatesReporter.IdentityServer.csproj", "{A703EC2D-1F35-4A51-A77E-78009908C1CA}"
EndProject
Project("{2150E333-8FDC-42A3-9474-1A3956D46DE8}") = "MailsSender", "MailsSender", "{F50B2FEA-7DA3-4128-B807-DFE328408FA0}"
EndProject
Project("{FAE04EC0-301F-11D3-BF4B-00C04F79EFBC}") = "TemplatesReporter.MailsSender.Data", "TemplatesReporter.MailsSender.Data\TemplatesReporter.MailsSender.Data.csproj", "{F1C117C3-B84A-409D-ADCF-F0C54D24C243}"
EndProject
Global
	GlobalSection(SolutionConfigurationPlatforms) = preSolution
		Debug|Any CPU = Debug|Any CPU
		Release|Any CPU = Release|Any CPU
	EndGlobalSection
	GlobalSection(ProjectConfigurationPlatforms) = postSolution
		{79A4DE3C-2056-4385-B4EC-E77974CC5C30}.Debug|Any CPU.ActiveCfg = Debug|Any CPU
		{79A4DE3C-2056-4385-B4EC-E77974CC5C30}.Debug|Any CPU.Build.0 = Debug|Any CPU
		{79A4DE3C-2056-4385-B4EC-E77974CC5C30}.Release|Any CPU.ActiveCfg = Release|Any CPU
		{79A4DE3C-2056-4385-B4EC-E77974CC5C30}.Release|Any CPU.Build.0 = Release|Any CPU
		{453BE837-2459-4C3E-BA52-FB13CE209015}.Debug|Any CPU.ActiveCfg = Debug|Any CPU
		{453BE837-2459-4C3E-BA52-FB13CE209015}.Debug|Any CPU.Build.0 = Debug|Any CPU
		{453BE837-2459-4C3E-BA52-FB13CE209015}.Release|Any CPU.ActiveCfg = Release|Any CPU
		{453BE837-2459-4C3E-BA52-FB13CE209015}.Release|Any CPU.Build.0 = Release|Any CPU
		{ECCCBEEB-2E8D-4954-A978-CE3FDEDA1531}.Debug|Any CPU.ActiveCfg = Debug|Any CPU
		{ECCCBEEB-2E8D-4954-A978-CE3FDEDA1531}.Debug|Any CPU.Build.0 = Debug|Any CPU
		{ECCCBEEB-2E8D-4954-A978-CE3FDEDA1531}.Release|Any CPU.ActiveCfg = Release|Any CPU
		{ECCCBEEB-2E8D-4954-A978-CE3FDEDA1531}.Release|Any CPU.Build.0 = Release|Any CPU
		{8860F6B9-A425-4ED5-941B-B11008F220B8}.Debug|Any CPU.ActiveCfg = Debug|Any CPU
		{8860F6B9-A425-4ED5-941B-B11008F220B8}.Debug|Any CPU.Build.0 = Debug|Any CPU
		{8860F6B9-A425-4ED5-941B-B11008F220B8}.Release|Any CPU.ActiveCfg = Release|Any CPU
		{8860F6B9-A425-4ED5-941B-B11008F220B8}.Release|Any CPU.Build.0 = Release|Any CPU
		{50D6801A-7414-40C8-8C6D-0FF1A762362D}.Debug|Any CPU.ActiveCfg = Debug|Any CPU
		{50D6801A-7414-40C8-8C6D-0FF1A762362D}.Debug|Any CPU.Build.0 = Debug|Any CPU
		{50D6801A-7414-40C8-8C6D-0FF1A762362D}.Release|Any CPU.ActiveCfg = Release|Any CPU
		{50D6801A-7414-40C8-8C6D-0FF1A762362D}.Release|Any CPU.Build.0 = Release|Any CPU
		{A703EC2D-1F35-4A51-A77E-78009908C1CA}.Debug|Any CPU.ActiveCfg = Debug|Any CPU
		{A703EC2D-1F35-4A51-A77E-78009908C1CA}.Debug|Any CPU.Build.0 = Debug|Any CPU
		{A703EC2D-1F35-4A51-A77E-78009908C1CA}.Release|Any CPU.ActiveCfg = Release|Any CPU
		{A703EC2D-1F35-4A51-A77E-78009908C1CA}.Release|Any CPU.Build.0 = Release|Any CPU
		{F1C117C3-B84A-409D-ADCF-F0C54D24C243}.Debug|Any CPU.ActiveCfg = Debug|Any CPU
		{F1C117C3-B84A-409D-ADCF-F0C54D24C243}.Debug|Any CPU.Build.0 = Debug|Any CPU
		{F1C117C3-B84A-409D-ADCF-F0C54D24C243}.Release|Any CPU.ActiveCfg = Release|Any CPU
		{F1C117C3-B84A-409D-ADCF-F0C54D24C243}.Release|Any CPU.Build.0 = Release|Any CPU
	EndGlobalSection
	GlobalSection(SolutionProperties) = preSolution
		HideSolutionNode = FALSE
	EndGlobalSection
	GlobalSection(NestedProjects) = preSolution
		{8860F6B9-A425-4ED5-941B-B11008F220B8} = {D8D52FC8-5AA5-4119-9452-D53C0D93ACCD}
		{50D6801A-7414-40C8-8C6D-0FF1A762362D} = {D8D52FC8-5AA5-4119-9452-D53C0D93ACCD}
		{A703EC2D-1F35-4A51-A77E-78009908C1CA} = {D8D52FC8-5AA5-4119-9452-D53C0D93ACCD}
		{F1C117C3-B84A-409D-ADCF-F0C54D24C243} = {F50B2FEA-7DA3-4128-B807-DFE328408FA0}
	EndGlobalSection
	GlobalSection(ExtensibilityGlobals) = postSolution
		SolutionGuid = {58AD6A38-B51F-4D33-8249-98A6DA89E7DF}
	EndGlobalSection
EndGlobal
