
Microsoft Visual Studio Solution File, Format Version 12.00
# Visual Studio Version 17
VisualStudioVersion = 17.2.32616.157
MinimumVisualStudioVersion = 10.0.40219.1
Project("{2150E333-8FDC-42A3-9474-1A3956D46DE8}") = "Authentication", "Authentication", "{9B0F9316-BD40-41C1-BC59-25DAA4DFFABC}"
EndProject
Project("{FAE04EC0-301F-11D3-BF4B-00C04F79EFBC}") = "Bank.AuthenticationRules", "Authentication\Bank.AuthenticationRules\Bank.AuthenticationRules.csproj", "{DBCA80C0-09D8-4F4B-9621-4A121BB3D342}"
EndProject
Global
	GlobalSection(SolutionConfigurationPlatforms) = preSolution
		Debug|Any CPU = Debug|Any CPU
		Release|Any CPU = Release|Any CPU
	EndGlobalSection
	GlobalSection(ProjectConfigurationPlatforms) = postSolution
		{DBCA80C0-09D8-4F4B-9621-4A121BB3D342}.Debug|Any CPU.ActiveCfg = Debug|Any CPU
		{DBCA80C0-09D8-4F4B-9621-4A121BB3D342}.Debug|Any CPU.Build.0 = Debug|Any CPU
		{DBCA80C0-09D8-4F4B-9621-4A121BB3D342}.Release|Any CPU.ActiveCfg = Release|Any CPU
		{DBCA80C0-09D8-4F4B-9621-4A121BB3D342}.Release|Any CPU.Build.0 = Release|Any CPU
	EndGlobalSection
	GlobalSection(SolutionProperties) = preSolution
		HideSolutionNode = FALSE
	EndGlobalSection
	GlobalSection(NestedProjects) = preSolution
		{DBCA80C0-09D8-4F4B-9621-4A121BB3D342} = {9B0F9316-BD40-41C1-BC59-25DAA4DFFABC}
	EndGlobalSection
	GlobalSection(ExtensibilityGlobals) = postSolution
		SolutionGuid = {C6E8A94E-ABB3-492F-B192-B07F440A80E0}
	EndGlobalSection
EndGlobal
