
Microsoft Visual Studio Solution File, Format Version 12.00
# Visual Studio Version 17
VisualStudioVersion = 17.2.32616.157
MinimumVisualStudioVersion = 10.0.40219.1
Project("{2150E333-8FDC-42A3-9474-1A3956D46DE8}") = "Agent", "Agent", "{2A39A23D-4695-46CF-81F6-3CC7D05C5F84}"
EndProject
Project("{2150E333-8FDC-42A3-9474-1A3956D46DE8}") = "Manager", "Manager", "{CEFF3FC4-3476-4554-B8C9-F5B938A89026}"
EndProject
Project("{9A19103F-16F7-4668-BE54-9A1E7A4F7556}") = "MetricsManagement.Agent", "Agent\MetricsManagement.Agent\MetricsManagement.Agent.csproj", "{A86062C9-89AE-454D-9388-D18692B2254B}"
EndProject
Project("{9A19103F-16F7-4668-BE54-9A1E7A4F7556}") = "MetricsManagement.Agent.Data", "MetricsManagement.Agent.Data\MetricsManagement.Agent.Data.csproj", "{51D473EA-046F-423A-A494-0C76EEB2B571}"
EndProject
Project("{9A19103F-16F7-4668-BE54-9A1E7A4F7556}") = "MetricsManagement.Manager", "Manager\MetricsManagement.Manager\MetricsManagement.Manager.csproj", "{9A37DAE1-D4E3-4A43-853D-D64BC28DDBFD}"
EndProject
Project("{9A19103F-16F7-4668-BE54-9A1E7A4F7556}") = "MetricsManagement.Manager.Data", "Manager\MetricsManagement.Manager.Data\MetricsManagement.Manager.Data.csproj", "{7113E8F9-F817-40D4-97A9-CB769DB45DD4}"
EndProject
Project("{9A19103F-16F7-4668-BE54-9A1E7A4F7556}") = "MetricsManagement.Agent.Data.Dapper", "Agent\MetricsManagement.Agent.Data.Dapper\MetricsManagement.Agent.Data.Dapper.csproj", "{666F1CF2-4C4D-4C67-AF92-D7EC17FDAE5A}"
EndProject
Project("{FAE04EC0-301F-11D3-BF4B-00C04F79EFBC}") = "MetricsManagement.Manager.Data.Dapper", "Manager\MetricsManagement.Manager.Data.Dapper\MetricsManagement.Manager.Data.Dapper.csproj", "{5636B04D-A974-4861-B610-CD1445BA2E62}"
EndProject
Global
	GlobalSection(SolutionConfigurationPlatforms) = preSolution
		Debug|Any CPU = Debug|Any CPU
		Release|Any CPU = Release|Any CPU
	EndGlobalSection
	GlobalSection(ProjectConfigurationPlatforms) = postSolution
		{A86062C9-89AE-454D-9388-D18692B2254B}.Debug|Any CPU.ActiveCfg = Debug|Any CPU
		{A86062C9-89AE-454D-9388-D18692B2254B}.Debug|Any CPU.Build.0 = Debug|Any CPU
		{A86062C9-89AE-454D-9388-D18692B2254B}.Release|Any CPU.ActiveCfg = Release|Any CPU
		{A86062C9-89AE-454D-9388-D18692B2254B}.Release|Any CPU.Build.0 = Release|Any CPU
		{51D473EA-046F-423A-A494-0C76EEB2B571}.Debug|Any CPU.ActiveCfg = Debug|Any CPU
		{51D473EA-046F-423A-A494-0C76EEB2B571}.Debug|Any CPU.Build.0 = Debug|Any CPU
		{51D473EA-046F-423A-A494-0C76EEB2B571}.Release|Any CPU.ActiveCfg = Release|Any CPU
		{51D473EA-046F-423A-A494-0C76EEB2B571}.Release|Any CPU.Build.0 = Release|Any CPU
		{9A37DAE1-D4E3-4A43-853D-D64BC28DDBFD}.Debug|Any CPU.ActiveCfg = Debug|Any CPU
		{9A37DAE1-D4E3-4A43-853D-D64BC28DDBFD}.Debug|Any CPU.Build.0 = Debug|Any CPU
		{9A37DAE1-D4E3-4A43-853D-D64BC28DDBFD}.Release|Any CPU.ActiveCfg = Release|Any CPU
		{9A37DAE1-D4E3-4A43-853D-D64BC28DDBFD}.Release|Any CPU.Build.0 = Release|Any CPU
		{7113E8F9-F817-40D4-97A9-CB769DB45DD4}.Debug|Any CPU.ActiveCfg = Debug|Any CPU
		{7113E8F9-F817-40D4-97A9-CB769DB45DD4}.Debug|Any CPU.Build.0 = Debug|Any CPU
		{7113E8F9-F817-40D4-97A9-CB769DB45DD4}.Release|Any CPU.ActiveCfg = Release|Any CPU
		{7113E8F9-F817-40D4-97A9-CB769DB45DD4}.Release|Any CPU.Build.0 = Release|Any CPU
		{666F1CF2-4C4D-4C67-AF92-D7EC17FDAE5A}.Debug|Any CPU.ActiveCfg = Debug|Any CPU
		{666F1CF2-4C4D-4C67-AF92-D7EC17FDAE5A}.Debug|Any CPU.Build.0 = Debug|Any CPU
		{666F1CF2-4C4D-4C67-AF92-D7EC17FDAE5A}.Release|Any CPU.ActiveCfg = Release|Any CPU
		{666F1CF2-4C4D-4C67-AF92-D7EC17FDAE5A}.Release|Any CPU.Build.0 = Release|Any CPU
		{5636B04D-A974-4861-B610-CD1445BA2E62}.Debug|Any CPU.ActiveCfg = Debug|Any CPU
		{5636B04D-A974-4861-B610-CD1445BA2E62}.Debug|Any CPU.Build.0 = Debug|Any CPU
		{5636B04D-A974-4861-B610-CD1445BA2E62}.Release|Any CPU.ActiveCfg = Release|Any CPU
		{5636B04D-A974-4861-B610-CD1445BA2E62}.Release|Any CPU.Build.0 = Release|Any CPU
	EndGlobalSection
	GlobalSection(SolutionProperties) = preSolution
		HideSolutionNode = FALSE
	EndGlobalSection
	GlobalSection(NestedProjects) = preSolution
		{A86062C9-89AE-454D-9388-D18692B2254B} = {2A39A23D-4695-46CF-81F6-3CC7D05C5F84}
		{51D473EA-046F-423A-A494-0C76EEB2B571} = {2A39A23D-4695-46CF-81F6-3CC7D05C5F84}
		{9A37DAE1-D4E3-4A43-853D-D64BC28DDBFD} = {CEFF3FC4-3476-4554-B8C9-F5B938A89026}
		{7113E8F9-F817-40D4-97A9-CB769DB45DD4} = {CEFF3FC4-3476-4554-B8C9-F5B938A89026}
		{666F1CF2-4C4D-4C67-AF92-D7EC17FDAE5A} = {2A39A23D-4695-46CF-81F6-3CC7D05C5F84}
		{5636B04D-A974-4861-B610-CD1445BA2E62} = {CEFF3FC4-3476-4554-B8C9-F5B938A89026}
	EndGlobalSection
	GlobalSection(ExtensibilityGlobals) = postSolution
		SolutionGuid = {2326F98F-459C-4C7A-8846-428B68223B6C}
	EndGlobalSection
EndGlobal
