
Microsoft Visual Studio Solution File, Format Version 12.00
# Visual Studio Version 17
VisualStudioVersion = 17.2.32616.157
MinimumVisualStudioVersion = 10.0.40219.1
Project("{9A19103F-16F7-4668-BE54-9A1E7A4F7556}") = "OfficeDashboard.Data", "OfficeDashboard.Data\OfficeDashboard.Data.csproj", "{7807CE96-2F7F-4FC4-96F7-DE9996F3C848}"
EndProject
Project("{9A19103F-16F7-4668-BE54-9A1E7A4F7556}") = "OfficeDashboard.Site", "OfficeDashboard.Site\OfficeDashboard.Site.csproj", "{E8DBD7F6-A9D2-4A70-8F26-F25939A53B77}"
EndProject
Global
	GlobalSection(SolutionConfigurationPlatforms) = preSolution
		Debug|Any CPU = Debug|Any CPU
		Release|Any CPU = Release|Any CPU
	EndGlobalSection
	GlobalSection(ProjectConfigurationPlatforms) = postSolution
		{7807CE96-2F7F-4FC4-96F7-DE9996F3C848}.Debug|Any CPU.ActiveCfg = Debug|Any CPU
		{7807CE96-2F7F-4FC4-96F7-DE9996F3C848}.Debug|Any CPU.Build.0 = Debug|Any CPU
		{7807CE96-2F7F-4FC4-96F7-DE9996F3C848}.Release|Any CPU.ActiveCfg = Release|Any CPU
		{7807CE96-2F7F-4FC4-96F7-DE9996F3C848}.Release|Any CPU.Build.0 = Release|Any CPU
		{E8DBD7F6-A9D2-4A70-8F26-F25939A53B77}.Debug|Any CPU.ActiveCfg = Debug|Any CPU
		{E8DBD7F6-A9D2-4A70-8F26-F25939A53B77}.Debug|Any CPU.Build.0 = Debug|Any CPU
		{E8DBD7F6-A9D2-4A70-8F26-F25939A53B77}.Release|Any CPU.ActiveCfg = Release|Any CPU
		{E8DBD7F6-A9D2-4A70-8F26-F25939A53B77}.Release|Any CPU.Build.0 = Release|Any CPU
	EndGlobalSection
	GlobalSection(SolutionProperties) = preSolution
		HideSolutionNode = FALSE
	EndGlobalSection
	GlobalSection(ExtensibilityGlobals) = postSolution
		SolutionGuid = {5FFD1D1C-5645-491C-858B-D33D760C4313}
	EndGlobalSection
EndGlobal
